{
  "requires": true,
  "lockfileVersion": 1,
  "dependencies": {
    "bootpopup": {
      "version": "1.5.1",
      "resolved": "https://registry.npmjs.org/bootpopup/-/bootpopup-1.5.1.tgz",
      "integrity": "sha512-Yvz2U1nNI/AP77hpfa9zoo3T0dvqNQd0oYqj2YX2ZEOo6gq35dl1EYIdDLOhU9dbVjc3Hg8810UQFT/fnSzNgw==",
      "requires": {
        "bootstrap": "3.x.x",
        "jquery": ">=2"
      }
    },
    "bootstrap": {
      "version": "3.3.7",
      "resolved": "http://registry.npmjs.org/bootstrap/-/bootstrap-3.3.7.tgz",
      "integrity": "sha1-WjiTlFSfIzMIdaOxUGVldPip63E="
    },
    "jquery": {
      "version": "3.3.1",
      "resolved": "https://registry.npmjs.org/jquery/-/jquery-3.3.1.tgz",
      "integrity": "sha512-Ubldcmxp5np52/ENotGxlLe6aGMvmF4R8S6tZjsP6Knsaxd/xp3Zrh50cG93lR6nPXyUFwzN3ZSOQI0wRJNdGg=="
    }
  }
}
